
Microsoft Visual Studio Solution File, Format Version 12.00
# Visual Studio Version 16
VisualStudioVersion = 16.0.30114.105
MinimumVisualStudioVersion = 10.0.40219.1
Project("{FAE04EC0-301F-11D3-BF4B-00C04F79EFBC}") = "MedAPI", "MedAPI\MedAPI.csproj", "{4F2309F2-8DA0-4055-806D-7B078D647077}"
EndProject
Project("{FAE04EC0-301F-11D3-BF4B-00C04F79EFBC}") = "MedAPI.DataAccess", "MedAPI.DataAccess\MedAPI.DataAccess.csproj", "{4384FAA9-E1B8-4C95-9D6D-2973FA9D4AA6}"
EndProject
Project("{FAE04EC0-301F-11D3-BF4B-00C04F79EFBC}") = "MedAPI.Domain", "MedAPI.Domain\MedAPI.Domain.csproj", "{3BBC2C59-C8E8-4264-A6FB-DB24BE9FA25B}"
EndProject
Project("{FAE04EC0-301F-11D3-BF4B-00C04F79EFBC}") = "MedAPI.Infrastructure", "MedAPI.Infrastructure\MedAPI.Infrastructure.csproj", "{DE8E37B5-0BE3-4CD5-AC53-6B01F0AFAF54}"
EndProject
Project("{FAE04EC0-301F-11D3-BF4B-00C04F79EFBC}") = "MedAPI.Repository", "MedAPI.Repository\MedAPI.Repository.csproj", "{BC58C225-DDF8-458B-9E4E-73812BD1EAAC}"
EndProject
Project("{FAE04EC0-301F-11D3-BF4B-00C04F79EFBC}") = "MedAPI.Service", "MedAPI.Service\MedAPI.Service.csproj", "{5EC055C7-435F-4B3A-8A42-92B80D0D1547}"
EndProject
Global
	GlobalSection(SolutionConfigurationPlatforms) = preSolution
		Debug|Any CPU = Debug|Any CPU
		Developmnet|Any CPU = Developmnet|Any CPU
		Release|Any CPU = Release|Any CPU
	EndGlobalSection
	GlobalSection(ProjectConfigurationPlatforms) = postSolution
		{4F2309F2-8DA0-4055-806D-7B078D647077}.Debug|Any CPU.ActiveCfg = Debug|Any CPU
		{4F2309F2-8DA0-4055-806D-7B078D647077}.Debug|Any CPU.Build.0 = Debug|Any CPU
		{4F2309F2-8DA0-4055-806D-7B078D647077}.Developmnet|Any CPU.ActiveCfg = Developmnet|Any CPU
		{4F2309F2-8DA0-4055-806D-7B078D647077}.Developmnet|Any CPU.Build.0 = Developmnet|Any CPU
		{4F2309F2-8DA0-4055-806D-7B078D647077}.Release|Any CPU.ActiveCfg = Release|Any CPU
		{4F2309F2-8DA0-4055-806D-7B078D647077}.Release|Any CPU.Build.0 = Release|Any CPU
		{4384FAA9-E1B8-4C95-9D6D-2973FA9D4AA6}.Debug|Any CPU.ActiveCfg = Debug|Any CPU
		{4384FAA9-E1B8-4C95-9D6D-2973FA9D4AA6}.Debug|Any CPU.Build.0 = Debug|Any CPU
		{4384FAA9-E1B8-4C95-9D6D-2973FA9D4AA6}.Developmnet|Any CPU.ActiveCfg = Developmnet|Any CPU
		{4384FAA9-E1B8-4C95-9D6D-2973FA9D4AA6}.Developmnet|Any CPU.Build.0 = Developmnet|Any CPU
		{4384FAA9-E1B8-4C95-9D6D-2973FA9D4AA6}.Release|Any CPU.ActiveCfg = Release|Any CPU
		{4384FAA9-E1B8-4C95-9D6D-2973FA9D4AA6}.Release|Any CPU.Build.0 = Release|Any CPU
		{3BBC2C59-C8E8-4264-A6FB-DB24BE9FA25B}.Debug|Any CPU.ActiveCfg = Debug|Any CPU
		{3BBC2C59-C8E8-4264-A6FB-DB24BE9FA25B}.Debug|Any CPU.Build.0 = Debug|Any CPU
		{3BBC2C59-C8E8-4264-A6FB-DB24BE9FA25B}.Developmnet|Any CPU.ActiveCfg = Developmnet|Any CPU
		{3BBC2C59-C8E8-4264-A6FB-DB24BE9FA25B}.Developmnet|Any CPU.Build.0 = Developmnet|Any CPU
		{3BBC2C59-C8E8-4264-A6FB-DB24BE9FA25B}.Release|Any CPU.ActiveCfg = Release|Any CPU
		{3BBC2C59-C8E8-4264-A6FB-DB24BE9FA25B}.Release|Any CPU.Build.0 = Release|Any CPU
		{DE8E37B5-0BE3-4CD5-AC53-6B01F0AFAF54}.Debug|Any CPU.ActiveCfg = Debug|Any CPU
		{DE8E37B5-0BE3-4CD5-AC53-6B01F0AFAF54}.Debug|Any CPU.Build.0 = Debug|Any CPU
		{DE8E37B5-0BE3-4CD5-AC53-6B01F0AFAF54}.Developmnet|Any CPU.ActiveCfg = Developmnet|Any CPU
		{DE8E37B5-0BE3-4CD5-AC53-6B01F0AFAF54}.Developmnet|Any CPU.Build.0 = Developmnet|Any CPU
		{DE8E37B5-0BE3-4CD5-AC53-6B01F0AFAF54}.Release|Any CPU.ActiveCfg = Release|Any CPU
		{DE8E37B5-0BE3-4CD5-AC53-6B01F0AFAF54}.Release|Any CPU.Build.0 = Release|Any CPU
		{BC58C225-DDF8-458B-9E4E-73812BD1EAAC}.Debug|Any CPU.ActiveCfg = Debug|Any CPU
		{BC58C225-DDF8-458B-9E4E-73812BD1EAAC}.Debug|Any CPU.Build.0 = Debug|Any CPU
		{BC58C225-DDF8-458B-9E4E-73812BD1EAAC}.Developmnet|Any CPU.ActiveCfg = Developmnet|Any CPU
		{BC58C225-DDF8-458B-9E4E-73812BD1EAAC}.Developmnet|Any CPU.Build.0 = Developmnet|Any CPU
		{BC58C225-DDF8-458B-9E4E-73812BD1EAAC}.Release|Any CPU.ActiveCfg = Release|Any CPU
		{BC58C225-DDF8-458B-9E4E-73812BD1EAAC}.Release|Any CPU.Build.0 = Release|Any CPU
		{5EC055C7-435F-4B3A-8A42-92B80D0D1547}.Debug|Any CPU.ActiveCfg = Debug|Any CPU
		{5EC055C7-435F-4B3A-8A42-92B80D0D1547}.Debug|Any CPU.Build.0 = Debug|Any CPU
		{5EC055C7-435F-4B3A-8A42-92B80D0D1547}.Developmnet|Any CPU.ActiveCfg = Developmnet|Any CPU
		{5EC055C7-435F-4B3A-8A42-92B80D0D1547}.Developmnet|Any CPU.Build.0 = Developmnet|Any CPU
		{5EC055C7-435F-4B3A-8A42-92B80D0D1547}.Release|Any CPU.ActiveCfg = Release|Any CPU
		{5EC055C7-435F-4B3A-8A42-92B80D0D1547}.Release|Any CPU.Build.0 = Release|Any CPU
	EndGlobalSection
	GlobalSection(SolutionProperties) = preSolution
		HideSolutionNode = FALSE
	EndGlobalSection
	GlobalSection(ExtensibilityGlobals) = postSolution
		SolutionGuid = {5221BA14-3714-446E-AABC-DBDA226443C5}
	EndGlobalSection
EndGlobal
